
Microsoft Visual Studio Solution File, Format Version 12.00
# Visual Studio Version 17
VisualStudioVersion = 17.12.35527.113
MinimumVisualStudioVersion = 10.0.40219.1
Project("{FAE04EC0-301F-11D3-BF4B-00C04F79EFBC}") = "Practical.GenericDbContextEFCore", "WebApplication1\Practical.GenericDbContextEFCore.csproj", "{3BE17E40-97BB-4285-AB7A-AC174A9011B6}"
EndProject
Project("{FAE04EC0-301F-11D3-BF4B-00C04F79EFBC}") = "Practical.Dapper", "Practical.Dapper\Practical.Dapper.csproj", "{66938012-CE12-4FF2-903E-5A8FD1497F63}"
EndProject
Global
	GlobalSection(SolutionConfigurationPlatforms) = preSolution
		Debug|Any CPU = Debug|Any CPU
		Release|Any CPU = Release|Any CPU
	EndGlobalSection
	GlobalSection(ProjectConfigurationPlatforms) = postSolution
		{3BE17E40-97BB-4285-AB7A-AC174A9011B6}.Debug|Any CPU.ActiveCfg = Debug|Any CPU
		{3BE17E40-97BB-4285-AB7A-AC174A9011B6}.Debug|Any CPU.Build.0 = Debug|Any CPU
		{3BE17E40-97BB-4285-AB7A-AC174A9011B6}.Release|Any CPU.ActiveCfg = Release|Any CPU
		{3BE17E40-97BB-4285-AB7A-AC174A9011B6}.Release|Any CPU.Build.0 = Release|Any CPU
		{66938012-CE12-4FF2-903E-5A8FD1497F63}.Debug|Any CPU.ActiveCfg = Debug|Any CPU
		{66938012-CE12-4FF2-903E-5A8FD1497F63}.Debug|Any CPU.Build.0 = Debug|Any CPU
		{66938012-CE12-4FF2-903E-5A8FD1497F63}.Release|Any CPU.ActiveCfg = Release|Any CPU
		{66938012-CE12-4FF2-903E-5A8FD1497F63}.Release|Any CPU.Build.0 = Release|Any CPU
	EndGlobalSection
	GlobalSection(SolutionProperties) = preSolution
		HideSolutionNode = FALSE
	EndGlobalSection
EndGlobal
